
Microsoft Visual Studio Solution File, Format Version 12.00
# Visual Studio Version 16
VisualStudioVersion = 16.0.30804.86
MinimumVisualStudioVersion = 10.0.40219.1
Project("{FAE04EC0-301F-11D3-BF4B-00C04F79EFBC}") = "ID", "ID\ID.csproj", "{7BD14E6F-CFBC-481E-B946-554F2A25C8A6}"
EndProject
Global
	GlobalSection(SolutionConfigurationPlatforms) = preSolution
		Debug|Any CPU = Debug|Any CPU
		Release|Any CPU = Release|Any CPU
	EndGlobalSection
	GlobalSection(ProjectConfigurationPlatforms) = postSolution
		{7BD14E6F-CFBC-481E-B946-554F2A25C8A6}.Debug|Any CPU.ActiveCfg = Debug|Any CPU
		{7BD14E6F-CFBC-481E-B946-554F2A25C8A6}.Debug|Any CPU.Build.0 = Debug|Any CPU
		{7BD14E6F-CFBC-481E-B946-554F2A25C8A6}.Release|Any CPU.ActiveCfg = Release|Any CPU
		{7BD14E6F-CFBC-481E-B946-554F2A25C8A6}.Release|Any CPU.Build.0 = Release|Any CPU
	EndGlobalSection
	GlobalSection(SolutionProperties) = preSolution
		HideSolutionNode = FALSE
	EndGlobalSection
	GlobalSection(ExtensibilityGlobals) = postSolution
		SolutionGuid = {3699263E-4A0E-48DF-BCD0-118B71BA9422}
	EndGlobalSection
EndGlobal
